
Microsoft Visual Studio Solution File, Format Version 12.00
# Visual Studio Version 17
VisualStudioVersion = 17.10.35122.118
MinimumVisualStudioVersion = 10.0.40219.1
Project("{9A19103F-16F7-4668-BE54-9A1E7A4F7556}") = "Biblioteca", "Biblioteca\Biblioteca.csproj", "{DAD803A8-3B83-4702-BD3C-3E47516C2286}"
EndProject
Project("{9A19103F-16F7-4668-BE54-9A1E7A4F7556}") = "Todos", "MinimalBiblioteca\Todos.csproj", "{B2DA71A4-F2B3-4382-964C-C30FC8C02AAE}"
EndProject
Global
	GlobalSection(SolutionConfigurationPlatforms) = preSolution
		Debug|Any CPU = Debug|Any CPU
		Release|Any CPU = Release|Any CPU
	EndGlobalSection
	GlobalSection(ProjectConfigurationPlatforms) = postSolution
		{DAD803A8-3B83-4702-BD3C-3E47516C2286}.Debug|Any CPU.ActiveCfg = Debug|Any CPU
		{DAD803A8-3B83-4702-BD3C-3E47516C2286}.Debug|Any CPU.Build.0 = Debug|Any CPU
		{DAD803A8-3B83-4702-BD3C-3E47516C2286}.Release|Any CPU.ActiveCfg = Release|Any CPU
		{DAD803A8-3B83-4702-BD3C-3E47516C2286}.Release|Any CPU.Build.0 = Release|Any CPU
		{B2DA71A4-F2B3-4382-964C-C30FC8C02AAE}.Debug|Any CPU.ActiveCfg = Debug|Any CPU
		{B2DA71A4-F2B3-4382-964C-C30FC8C02AAE}.Debug|Any CPU.Build.0 = Debug|Any CPU
		{B2DA71A4-F2B3-4382-964C-C30FC8C02AAE}.Release|Any CPU.ActiveCfg = Release|Any CPU
		{B2DA71A4-F2B3-4382-964C-C30FC8C02AAE}.Release|Any CPU.Build.0 = Release|Any CPU
	EndGlobalSection
	GlobalSection(SolutionProperties) = preSolution
		HideSolutionNode = FALSE
	EndGlobalSection
	GlobalSection(ExtensibilityGlobals) = postSolution
		SolutionGuid = {58C3A109-990E-4A10-9D8A-78123ADF1874}
	EndGlobalSection
EndGlobal
